// !$*UTF8*$!
{
	archiveVersion = 1;
	classes = {
	};
	objectVersion = 46;
	objects = {

/* Begin PBXBuildFile section */
		8D11072A0486CEB800E47090 /* MainMenu.nib in Resources */ = {isa = PBXBuildFile; fileRef = 29B97318FDCFA39411CA2CEA /* MainMenu.nib */; };
		8D11072B0486CEB800E47090 /* InfoPlist.strings in Resources */ = {isa = PBXBuildFile; fileRef = 089C165CFE840E0CC02AAC07 /* InfoPlist.strings */; };
		8D11072D0486CEB800E47090 /* main.m in Sources */ = {isa = PBXBuildFile; fileRef = 29B97316FDCFA39411CA2CEA /* main.m */; settings = {ATTRIBUTES = (); }; };
		8D11072F0486CEB800E47090 /* Cocoa.framework in Frameworks */ = {isa = PBXBuildFile; fileRef = 1058C7A1FEA54F0111CA2CBB /* Cocoa.framework */; };
		92A1FEDF14077297004EDF29 /* Konjac.icns in Resources */ = {isa = PBXBuildFile; fileRef = 92A1FEDD14077297004EDF29 /* Konjac.icns */; };
		92A1FEE014077297004EDF29 /* konjac-32x32.png in Resources */ = {isa = PBXBuildFile; fileRef = 92A1FEDE14077297004EDF29 /* konjac-32x32.png */; };
		D7DE51261407451D006EF097 /* Bing.tif in Resources */ = {isa = PBXBuildFile; fileRef = D7DE51251407451D006EF097 /* Bing.tif */; };
		E93074B70A5C264700470842 /* InputMethodKit.framework in Frameworks */ = {isa = PBXBuildFile; fileRef = E93074B60A5C264700470842 /* InputMethodKit.framework */; };
		E93074E20A5C2F1200470842 /* KonjacController.m in Sources */ = {isa = PBXBuildFile; fileRef = E93074E10A5C2F1200470842 /* KonjacController.m */; };
		E93396E90A9A0AD60073E6C4 /* nine.tiff in Resources */ = {isa = PBXBuildFile; fileRef = E93396E50A9A0AD50073E6C4 /* nine.tiff */; };
		E93396F50A9A105E0073E6C4 /* ConversionEngine.m in Sources */ = {isa = PBXBuildFile; fileRef = E93396F40A9A105E0073E6C4 /* ConversionEngine.m */; };
		E9C425850BFA0FC90065E4C6 /* currency.tiff in Resources */ = {isa = PBXBuildFile; fileRef = E9C425830BFA0FC90065E4C6 /* currency.tiff */; };
		E9C425860BFA0FC90065E4C6 /* Decimal.tiff in Resources */ = {isa = PBXBuildFile; fileRef = E9C425840BFA0FC90065E4C6 /* Decimal.tiff */; };
		E9C4258A0BFA0FD60065E4C6 /* nostyle.tiff in Resources */ = {isa = PBXBuildFile; fileRef = E9C425890BFA0FD60065E4C6 /* nostyle.tiff */; };
		E9C4258E0BFA0FE70065E4C6 /* percent.tiff in Resources */ = {isa = PBXBuildFile; fileRef = E9C4258D0BFA0FE70065E4C6 /* percent.tiff */; };
		E9C425930BFA10060065E4C6 /* scientific.tiff in Resources */ = {isa = PBXBuildFile; fileRef = E9C425910BFA10060065E4C6 /* scientific.tiff */; };
		E9C425940BFA10060065E4C6 /* spellout.tiff in Resources */ = {isa = PBXBuildFile; fileRef = E9C425920BFA10060065E4C6 /* spellout.tiff */; };
		E9FB8BCB0BF0D79B00305C76 /* KonjacApplicationDelegate.m in Sources */ = {isa = PBXBuildFile; fileRef = E9FB8BCA0BF0D79B00305C76 /* KonjacApplicationDelegate.m */; };
/* End PBXBuildFile section */

/* Begin PBXFileReference section */
		089C165DFE840E0CC02AAC07 /* English */ = {isa = PBXFileReference; fileEncoding = 10; lastKnownFileType = text.plist.strings; name = English; path = English.lproj/InfoPlist.strings; sourceTree = "<group>"; };
		1058C7A1FEA54F0111CA2CBB /* Cocoa.framework */ = {isa = PBXFileReference; lastKnownFileType = wrapper.framework; name = Cocoa.framework; path = /System/Library/Frameworks/Cocoa.framework; sourceTree = "<absolute>"; };
		29B97316FDCFA39411CA2CEA /* main.m */ = {isa = PBXFileReference; fileEncoding = 4; lastKnownFileType = sourcecode.c.objc; path = main.m; sourceTree = "<group>"; };
		29B97319FDCFA39411CA2CEA /* English */ = {isa = PBXFileReference; lastKnownFileType = wrapper.nib; name = English; path = English.lproj/MainMenu.nib; sourceTree = "<group>"; };
		29B97324FDCFA39411CA2CEA /* AppKit.framework */ = {isa = PBXFileReference; lastKnownFileType = wrapper.framework; name = AppKit.framework; path = /System/Library/Frameworks/AppKit.framework; sourceTree = "<absolute>"; };
		29B97325FDCFA39411CA2CEA /* Foundation.framework */ = {isa = PBXFileReference; lastKnownFileType = wrapper.framework; name = Foundation.framework; path = /System/Library/Frameworks/Foundation.framework; sourceTree = "<absolute>"; };
		32CA4F630368D1EE00C91783 /* Konjac_Prefix.pch */ = {isa = PBXFileReference; fileEncoding = 4; lastKnownFileType = sourcecode.c.h; path = Konjac_Prefix.pch; sourceTree = "<group>"; };
		8D1107310486CEB800E47090 /* Info.plist */ = {isa = PBXFileReference; fileEncoding = 4; lastKnownFileType = text.plist.xml; path = Info.plist; sourceTree = "<group>"; };
		8D1107320486CEB800E47090 /* Konjac.app */ = {isa = PBXFileReference; explicitFileType = wrapper.application; includeInIndex = 0; path = Konjac.app; sourceTree = BUILT_PRODUCTS_DIR; };
		9231BF451404F14900FAD032 /* Private.h */ = {isa = PBXFileReference; fileEncoding = 4; lastKnownFileType = sourcecode.c.h; path = Private.h; sourceTree = "<group>"; };
		92A1FEDD14077297004EDF29 /* Konjac.icns */ = {isa = PBXFileReference; lastKnownFileType = image.icns; path = Konjac.icns; sourceTree = "<group>"; };
		92A1FEDE14077297004EDF29 /* konjac-32x32.png */ = {isa = PBXFileReference; lastKnownFileType = image.png; path = "konjac-32x32.png"; sourceTree = "<group>"; };
		D7DE51251407451D006EF097 /* Bing.tif */ = {isa = PBXFileReference; lastKnownFileType = image.tiff; path = Bing.tif; sourceTree = "<group>"; };
		E93074B60A5C264700470842 /* InputMethodKit.framework */ = {isa = PBXFileReference; lastKnownFileType = wrapper.framework; name = InputMethodKit.framework; path = /System/Library/Frameworks/InputMethodKit.framework; sourceTree = "<absolute>"; };
		E93074E00A5C2F1200470842 /* KonjacController.h */ = {isa = PBXFileReference; fileEncoding = 4; lastKnownFileType = sourcecode.c.h; path = KonjacController.h; sourceTree = "<group>"; };
		E93074E10A5C2F1200470842 /* KonjacController.m */ = {isa = PBXFileReference; fileEncoding = 4; lastKnownFileType = sourcecode.c.objc; path = KonjacController.m; sourceTree = "<group>"; };
		E93396E50A9A0AD50073E6C4 /* nine.tiff */ = {isa = PBXFileReference; lastKnownFileType = image.tiff; path = nine.tiff; sourceTree = "<group>"; };
		E93396F30A9A105E0073E6C4 /* ConversionEngine.h */ = {isa = PBXFileReference; fileEncoding = 4; lastKnownFileType = sourcecode.c.h; path = ConversionEngine.h; sourceTree = "<group>"; };
		E93396F40A9A105E0073E6C4 /* ConversionEngine.m */ = {isa = PBXFileReference; fileEncoding = 4; lastKnownFileType = sourcecode.c.objc; path = ConversionEngine.m; sourceTree = "<group>"; };
		E9C425830BFA0FC90065E4C6 /* currency.tiff */ = {isa = PBXFileReference; lastKnownFileType = image.tiff; path = currency.tiff; sourceTree = "<group>"; };
		E9C425840BFA0FC90065E4C6 /* Decimal.tiff */ = {isa = PBXFileReference; lastKnownFileType = image.tiff; path = Decimal.tiff; sourceTree = "<group>"; };
		E9C425890BFA0FD60065E4C6 /* nostyle.tiff */ = {isa = PBXFileReference; lastKnownFileType = image.tiff; path = nostyle.tiff; sourceTree = "<group>"; };
		E9C4258D0BFA0FE70065E4C6 /* percent.tiff */ = {isa = PBXFileReference; lastKnownFileType = image.tiff; path = percent.tiff; sourceTree = "<group>"; };
		E9C425910BFA10060065E4C6 /* scientific.tiff */ = {isa = PBXFileReference; lastKnownFileType = image.tiff; path = scientific.tiff; sourceTree = "<group>"; };
		E9C425920BFA10060065E4C6 /* spellout.tiff */ = {isa = PBXFileReference; lastKnownFileType = image.tiff; path = spellout.tiff; sourceTree = "<group>"; };
		E9FB8BC90BF0D79B00305C76 /* KonjacApplicationDelegate.h */ = {isa = PBXFileReference; fileEncoding = 4; lastKnownFileType = sourcecode.c.h; path = KonjacApplicationDelegate.h; sourceTree = "<group>"; };
		E9FB8BCA0BF0D79B00305C76 /* KonjacApplicationDelegate.m */ = {isa = PBXFileReference; fileEncoding = 4; lastKnownFileType = sourcecode.c.objc; path = KonjacApplicationDelegate.m; sourceTree = "<group>"; };
/* End PBXFileReference section */

/* Begin PBXFrameworksBuildPhase section */
		8D11072E0486CEB800E47090 /* Frameworks */ = {
			isa = PBXFrameworksBuildPhase;
			buildActionMask = 2147483647;
			files = (
				8D11072F0486CEB800E47090 /* Cocoa.framework in Frameworks */,
				E93074B70A5C264700470842 /* InputMethodKit.framework in Frameworks */,
			);
			runOnlyForDeploymentPostprocessing = 0;
		};
/* End PBXFrameworksBuildPhase section */

/* Begin PBXGroup section */
		080E96DDFE201D6D7F000001 /* Classes */ = {
			isa = PBXGroup;
			children = (
				E93074E00A5C2F1200470842 /* KonjacController.h */,
				E93074E10A5C2F1200470842 /* KonjacController.m */,
				E93396F30A9A105E0073E6C4 /* ConversionEngine.h */,
				E93396F40A9A105E0073E6C4 /* ConversionEngine.m */,
				E9FB8BC90BF0D79B00305C76 /* KonjacApplicationDelegate.h */,
				E9FB8BCA0BF0D79B00305C76 /* KonjacApplicationDelegate.m */,
			);
			path = Classes;
			sourceTree = "<group>";
		};
		1058C7A0FEA54F0111CA2CBB /* Linked Frameworks */ = {
			isa = PBXGroup;
			children = (
				1058C7A1FEA54F0111CA2CBB /* Cocoa.framework */,
			);
			name = "Linked Frameworks";
			sourceTree = "<group>";
		};
		1058C7A2FEA54F0111CA2CBB /* Other Frameworks */ = {
			isa = PBXGroup;
			children = (
				E93074B60A5C264700470842 /* InputMethodKit.framework */,
				29B97324FDCFA39411CA2CEA /* AppKit.framework */,
				29B97325FDCFA39411CA2CEA /* Foundation.framework */,
			);
			name = "Other Frameworks";
			sourceTree = "<group>";
		};
		19C28FACFE9D520D11CA2CBB /* Products */ = {
			isa = PBXGroup;
			children = (
				8D1107320486CEB800E47090 /* Konjac.app */,
			);
			name = Products;
			sourceTree = "<group>";
		};
		29B97314FDCFA39411CA2CEA /* Konjac */ = {
			isa = PBXGroup;
			children = (
				080E96DDFE201D6D7F000001 /* Classes */,
				29B97315FDCFA39411CA2CEA /* Other Sources */,
				29B97317FDCFA39411CA2CEA /* Resources */,
				29B97323FDCFA39411CA2CEA /* Frameworks */,
				19C28FACFE9D520D11CA2CBB /* Products */,
			);
			name = Konjac;
			sourceTree = "<group>";
		};
		29B97315FDCFA39411CA2CEA /* Other Sources */ = {
			isa = PBXGroup;
			children = (
				32CA4F630368D1EE00C91783 /* Konjac_Prefix.pch */,
				29B97316FDCFA39411CA2CEA /* main.m */,
				9231BF451404F14900FAD032 /* Private.h */,
				8D1107310486CEB800E47090 /* Info.plist */,
			);
			name = "Other Sources";
			sourceTree = "<group>";
		};
		29B97317FDCFA39411CA2CEA /* Resources */ = {
			isa = PBXGroup;
			children = (
				E93396E20A9A0AAD0073E6C4 /* Images */,
				089C165CFE840E0CC02AAC07 /* InfoPlist.strings */,
				29B97318FDCFA39411CA2CEA /* MainMenu.nib */,
			);
			path = Resources;
			sourceTree = "<group>";
		};
		29B97323FDCFA39411CA2CEA /* Frameworks */ = {
			isa = PBXGroup;
			children = (
				1058C7A0FEA54F0111CA2CBB /* Linked Frameworks */,
				1058C7A2FEA54F0111CA2CBB /* Other Frameworks */,
			);
			name = Frameworks;
			sourceTree = "<group>";
		};
		E93396E20A9A0AAD0073E6C4 /* Images */ = {
			isa = PBXGroup;
			children = (
				92A1FEDD14077297004EDF29 /* Konjac.icns */,
				92A1FEDE14077297004EDF29 /* konjac-32x32.png */,
				D7DE51251407451D006EF097 /* Bing.tif */,
				E9C425910BFA10060065E4C6 /* scientific.tiff */,
				E9C425920BFA10060065E4C6 /* spellout.tiff */,
				E9C4258D0BFA0FE70065E4C6 /* percent.tiff */,
				E9C425890BFA0FD60065E4C6 /* nostyle.tiff */,
				E9C425830BFA0FC90065E4C6 /* currency.tiff */,
				E9C425840BFA0FC90065E4C6 /* Decimal.tiff */,
				E93396E50A9A0AD50073E6C4 /* nine.tiff */,
			);
			path = Images;
			sourceTree = "<group>";
		};
/* End PBXGroup section */

/* Begin PBXNativeTarget section */
		8D1107260486CEB800E47090 /* Konjac */ = {
			isa = PBXNativeTarget;
			buildConfigurationList = C01FCF4A08A954540054247B /* Build configuration list for PBXNativeTarget "Konjac" */;
			buildPhases = (
				8D1107290486CEB800E47090 /* Resources */,
				8D11072C0486CEB800E47090 /* Sources */,
				8D11072E0486CEB800E47090 /* Frameworks */,
				5478505F1408A37F001956AE /* Run Install Script */,
			);
			buildRules = (
			);
			dependencies = (
			);
			name = Konjac;
			productInstallPath = "$(HOME)/Applications";
			productName = Konjac;
			productReference = 8D1107320486CEB800E47090 /* Konjac.app */;
			productType = "com.apple.product-type.application";
		};
/* End PBXNativeTarget section */

/* Begin PBXProject section */
		29B97313FDCFA39411CA2CEA /* Project object */ = {
			isa = PBXProject;
			attributes = {
				LastUpgradeCheck = 0420;
			};
			buildConfigurationList = C01FCF4E08A954540054247B /* Build configuration list for PBXProject "Konjac" */;
			compatibilityVersion = "Xcode 3.2";
			developmentRegion = English;
			hasScannedForEncodings = 1;
			knownRegions = (
				en,
			);
			mainGroup = 29B97314FDCFA39411CA2CEA /* Konjac */;
			projectDirPath = "";
			projectRoot = "";
			targets = (
				8D1107260486CEB800E47090 /* Konjac */,
			);
		};
/* End PBXProject section */

/* Begin PBXResourcesBuildPhase section */
		8D1107290486CEB800E47090 /* Resources */ = {
			isa = PBXResourcesBuildPhase;
			buildActionMask = 2147483647;
			files = (
				8D11072A0486CEB800E47090 /* MainMenu.nib in Resources */,
				8D11072B0486CEB800E47090 /* InfoPlist.strings in Resources */,
				E93396E90A9A0AD60073E6C4 /* nine.tiff in Resources */,
				E9C425850BFA0FC90065E4C6 /* currency.tiff in Resources */,
				E9C425860BFA0FC90065E4C6 /* Decimal.tiff in Resources */,
				E9C4258A0BFA0FD60065E4C6 /* nostyle.tiff in Resources */,
				E9C4258E0BFA0FE70065E4C6 /* percent.tiff in Resources */,
				E9C425930BFA10060065E4C6 /* scientific.tiff in Resources */,
				E9C425940BFA10060065E4C6 /* spellout.tiff in Resources */,
				D7DE51261407451D006EF097 /* Bing.tif in Resources */,
				92A1FEDF14077297004EDF29 /* Konjac.icns in Resources */,
				92A1FEE014077297004EDF29 /* konjac-32x32.png in Resources */,
			);
			runOnlyForDeploymentPostprocessing = 0;
		};
/* End PBXResourcesBuildPhase section */

/* Begin PBXShellScriptBuildPhase section */
		5478505F1408A37F001956AE /* Run Install Script */ = {
			isa = PBXShellScriptBuildPhase;
			buildActionMask = 2147483647;
			files = (
			);
			inputPaths = (
			);
			name = "Run Install Script";
			outputPaths = (
			);
			runOnlyForDeploymentPostprocessing = 0;
			shellPath = /bin/sh;
			shellScript = "INSTALL_PATH=\"${USER_LIBRARY_DIR}/Input Methods/${FULL_PRODUCT_NAME}\"\n\n# clean up any previous products/symbolic links in the SIMBL Plugins folder\nif [ -a \"${INSTALL_PATH}\" ]; then\n  rm -Rf \"${INSTALL_PATH}\"\nfi\n\n# Depending on the build configuration, either copy or link to the most recent product\nif [ \"${CONFIGURATION}\" == \"Debug\" ]; then\n  # if we're debugging, add a symbolic link to the plug-in\n  ln -sf \"${TARGET_BUILD_DIR}/${FULL_PRODUCT_NAME}\" \"${INSTALL_PATH}\"\nelif [ \"${CONFIGURATION}\" == \"Release\" ]; then\n  # if we're compiling for release, just copy the plugin to the SIMBL Plugins folder\n  cp -Rfv \"${TARGET_BUILD_DIR}/${FULL_PRODUCT_NAME}\" \"${INSTALL_PATH}\"\nfi";
		};
/* End PBXShellScriptBuildPhase section */

/* Begin PBXSourcesBuildPhase section */
		8D11072C0486CEB800E47090 /* Sources */ = {
			isa = PBXSourcesBuildPhase;
			buildActionMask = 2147483647;
			files = (
				8D11072D0486CEB800E47090 /* main.m in Sources */,
				E93074E20A5C2F1200470842 /* KonjacController.m in Sources */,
				E93396F50A9A105E0073E6C4 /* ConversionEngine.m in Sources */,
				E9FB8BCB0BF0D79B00305C76 /* KonjacApplicationDelegate.m in Sources */,
			);
			runOnlyForDeploymentPostprocessing = 0;
		};
/* End PBXSourcesBuildPhase section */

/* Begin PBXVariantGroup section */
		089C165CFE840E0CC02AAC07 /* InfoPlist.strings */ = {
			isa = PBXVariantGroup;
			children = (
				089C165DFE840E0CC02AAC07 /* English */,
			);
			name = InfoPlist.strings;
			sourceTree = "<group>";
		};
		29B97318FDCFA39411CA2CEA /* MainMenu.nib */ = {
			isa = PBXVariantGroup;
			children = (
				29B97319FDCFA39411CA2CEA /* English */,
			);
			name = MainMenu.nib;
			sourceTree = "<group>";
		};
/* End PBXVariantGroup section */

/* Begin XCBuildConfiguration section */
		C01FCF4B08A954540054247B /* Debug */ = {
			isa = XCBuildConfiguration;
			buildSettings = {
				COPY_PHASE_STRIP = NO;
				GCC_DYNAMIC_NO_PIC = NO;
				GCC_OPTIMIZATION_LEVEL = 0;
				INFOPLIST_FILE = Info.plist;
				INSTALL_PATH = "\"$(USER_LIBRARY_DIR)/Input Methods/\"";
				PRODUCT_NAME = Konjac;
				WRAPPER_EXTENSION = app;
				ZERO_LINK = YES;
			};
			name = Debug;
		};
		C01FCF4C08A954540054247B /* Release */ = {
			isa = XCBuildConfiguration;
			buildSettings = {
				GCC_GENERATE_DEBUGGING_SYMBOLS = NO;
				INFOPLIST_FILE = Info.plist;
				INSTALL_PATH = "\"$(USER_LIBRARY_DIR)/Input Methods/\"";
				PRODUCT_NAME = Konjac;
				WRAPPER_EXTENSION = app;
			};
			name = Release;
		};
		C01FCF4F08A954540054247B /* Debug */ = {
			isa = XCBuildConfiguration;
			buildSettings = {
				ARCHS = "$(ARCHS_STANDARD_32_64_BIT)";
				GCC_VERSION = com.apple.compilers.llvm.clang.1_0;
				GCC_WARN_ABOUT_RETURN_TYPE = YES;
				GCC_WARN_UNUSED_VARIABLE = YES;
				SDKROOT = macosx;
			};
			name = Debug;
		};
		C01FCF5008A954540054247B /* Release */ = {
			isa = XCBuildConfiguration;
			buildSettings = {
				ARCHS = "$(ARCHS_STANDARD_32_64_BIT)";
				GCC_VERSION = com.apple.compilers.llvm.clang.1_0;
				GCC_WARN_ABOUT_RETURN_TYPE = YES;
				GCC_WARN_UNUSED_VARIABLE = YES;
				SDKROOT = macosx;
			};
			name = Release;
		};
/* End XCBuildConfiguration section */

/* Begin XCConfigurationList section */
		C01FCF4A08A954540054247B /* Build configuration list for PBXNativeTarget "Konjac" */ = {
			isa = XCConfigurationList;
			buildConfigurations = (
				C01FCF4B08A954540054247B /* Debug */,
				C01FCF4C08A954540054247B /* Release */,
			);
			defaultConfigurationIsVisible = 0;
			defaultConfigurationName = Release;
		};
		C01FCF4E08A954540054247B /* Build configuration list for PBXProject "Konjac" */ = {
			isa = XCConfigurationList;
			buildConfigurations = (
				C01FCF4F08A954540054247B /* Debug */,
				C01FCF5008A954540054247B /* Release */,
			);
			defaultConfigurationIsVisible = 0;
			defaultConfigurationName = Release;
		};
/* End XCConfigurationList section */
	};
	rootObject = 29B97313FDCFA39411CA2CEA /* Project object */;
}
